// !$*UTF8*$!
{
	archiveVersion = 1;
	classes = {
	};
	objectVersion = 50;
	objects = {

/* Begin PBXBuildFile section */
		B210D13A26C2C3A800881CF8 /* PokemonEvolutionsTableViewCell.swift in Sources */ = {isa = PBXBuildFile; fileRef = B210D13926C2C3A800881CF8 /* PokemonEvolutionsTableViewCell.swift */; };
		B210D13C26C2C40B00881CF8 /* PokemonEvolutionsViewModel.swift in Sources */ = {isa = PBXBuildFile; fileRef = B210D13B26C2C40B00881CF8 /* PokemonEvolutionsViewModel.swift */; };
		B220EEA926A4A25300971BAC /* AppDelegate.swift in Sources */ = {isa = PBXBuildFile; fileRef = B220EEA826A4A25300971BAC /* AppDelegate.swift */; };
		B220EEAB26A4A25300971BAC /* SceneDelegate.swift in Sources */ = {isa = PBXBuildFile; fileRef = B220EEAA26A4A25300971BAC /* SceneDelegate.swift */; };
		B220EEAD26A4A25300971BAC /* ViewController.swift in Sources */ = {isa = PBXBuildFile; fileRef = B220EEAC26A4A25300971BAC /* ViewController.swift */; };
		B220EEB026A4A25300971BAC /* Main.storyboard in Resources */ = {isa = PBXBuildFile; fileRef = B220EEAE26A4A25300971BAC /* Main.storyboard */; };
		B220EEB326A4A25300971BAC /* pokedex.xcdatamodeld in Sources */ = {isa = PBXBuildFile; fileRef = B220EEB126A4A25300971BAC /* pokedex.xcdatamodeld */; };
		B220EEB526A4A25500971BAC /* Assets.xcassets in Resources */ = {isa = PBXBuildFile; fileRef = B220EEB426A4A25500971BAC /* Assets.xcassets */; };
		B220EEB826A4A25500971BAC /* LaunchScreen.storyboard in Resources */ = {isa = PBXBuildFile; fileRef = B220EEB626A4A25500971BAC /* LaunchScreen.storyboard */; };
		B220EEC326A4A25500971BAC /* pokedexTests.swift in Sources */ = {isa = PBXBuildFile; fileRef = B220EEC226A4A25500971BAC /* pokedexTests.swift */; };
		B220EECE26A4A25500971BAC /* pokedexUITests.swift in Sources */ = {isa = PBXBuildFile; fileRef = B220EECD26A4A25500971BAC /* pokedexUITests.swift */; };
		B220EEE026A4C24400971BAC /* PokemonModels.swift in Sources */ = {isa = PBXBuildFile; fileRef = B220EEDF26A4C24400971BAC /* PokemonModels.swift */; };
		B220EEE226A4C46300971BAC /* NetworkEngine.swift in Sources */ = {isa = PBXBuildFile; fileRef = B220EEE126A4C46300971BAC /* NetworkEngine.swift */; };
		B220EEE526A5DAF300971BAC /* PokemonError.swift in Sources */ = {isa = PBXBuildFile; fileRef = B220EEE426A5DAF300971BAC /* PokemonError.swift */; };
		B2388BE626D523C90098D075 /* SearchResultsViewController.swift in Sources */ = {isa = PBXBuildFile; fileRef = B2388BE526D523C90098D075 /* SearchResultsViewController.swift */; };
		B2388BE826D55F9D0098D075 /* SearchCategoryCollectionViewCell.swift in Sources */ = {isa = PBXBuildFile; fileRef = B2388BE726D55F9D0098D075 /* SearchCategoryCollectionViewCell.swift */; };
		B253C70C26B71D8F00AE1167 /* PokemonCollectionViewCell.swift in Sources */ = {isa = PBXBuildFile; fileRef = B253C70B26B71D8F00AE1167 /* PokemonCollectionViewCell.swift */; };
		B29D720026B875EB00469FB6 /* PokemonViewModel.swift in Sources */ = {isa = PBXBuildFile; fileRef = B29D71FF26B875EB00469FB6 /* PokemonViewModel.swift */; };
		B29D720226B98BA600469FB6 /* ExtensionHelpers.swift in Sources */ = {isa = PBXBuildFile; fileRef = B29D720126B98BA600469FB6 /* ExtensionHelpers.swift */; };
		B29D720426BC60CD00469FB6 /* PokemonDetailsViewController.swift in Sources */ = {isa = PBXBuildFile; fileRef = B29D720326BC60CD00469FB6 /* PokemonDetailsViewController.swift */; };
		B29D720626C0559A00469FB6 /* PokemonColors.swift in Sources */ = {isa = PBXBuildFile; fileRef = B29D720526C0559A00469FB6 /* PokemonColors.swift */; };
		B29D720826C160DD00469FB6 /* PokemonFlavorTextTableViewCell.swift in Sources */ = {isa = PBXBuildFile; fileRef = B29D720726C160DD00469FB6 /* PokemonFlavorTextTableViewCell.swift */; };
		B29D720A26C167FD00469FB6 /* PokemonFlavorTextViewModel.swift in Sources */ = {isa = PBXBuildFile; fileRef = B29D720926C167FD00469FB6 /* PokemonFlavorTextViewModel.swift */; };
		B2D9072427C29241007F5D61 /* pokeapi.json in Resources */ = {isa = PBXBuildFile; fileRef = B2D9072327C29241007F5D61 /* pokeapi.json */; };
/* End PBXBuildFile section */

/* Begin PBXContainerItemProxy section */
		B220EEBF26A4A25500971BAC /* PBXContainerItemProxy */ = {
			isa = PBXContainerItemProxy;
			containerPortal = B220EE9D26A4A25300971BAC /* Project object */;
			proxyType = 1;
			remoteGlobalIDString = B220EEA426A4A25300971BAC;
			remoteInfo = pokedex;
		};
		B220EECA26A4A25500971BAC /* PBXContainerItemProxy */ = {
			isa = PBXContainerItemProxy;
			containerPortal = B220EE9D26A4A25300971BAC /* Project object */;
			proxyType = 1;
			remoteGlobalIDString = B220EEA426A4A25300971BAC;
			remoteInfo = pokedex;
		};
/* End PBXContainerItemProxy section */

/* Begin PBXFileReference section */
		B210D13926C2C3A800881CF8 /* PokemonEvolutionsTableViewCell.swift */ = {isa = PBXFileReference; lastKnownFileType = sourcecode.swift; path = PokemonEvolutionsTableViewCell.swift; sourceTree = "<group>"; };
		B210D13B26C2C40B00881CF8 /* PokemonEvolutionsViewModel.swift */ = {isa = PBXFileReference; lastKnownFileType = sourcecode.swift; path = PokemonEvolutionsViewModel.swift; sourceTree = "<group>"; };
		B220EEA526A4A25300971BAC /* pokedex.app */ = {isa = PBXFileReference; explicitFileType = wrapper.application; includeInIndex = 0; path = pokedex.app; sourceTree = BUILT_PRODUCTS_DIR; };
		B220EEA826A4A25300971BAC /* AppDelegate.swift */ = {isa = PBXFileReference; lastKnownFileType = sourcecode.swift; path = AppDelegate.swift; sourceTree = "<group>"; };
		B220EEAA26A4A25300971BAC /* SceneDelegate.swift */ = {isa = PBXFileReference; lastKnownFileType = sourcecode.swift; path = SceneDelegate.swift; sourceTree = "<group>"; };
		B220EEAC26A4A25300971BAC /* ViewController.swift */ = {isa = PBXFileReference; lastKnownFileType = sourcecode.swift; path = ViewController.swift; sourceTree = "<group>"; };
		B220EEAF26A4A25300971BAC /* Base */ = {isa = PBXFileReference; lastKnownFileType = file.storyboard; name = Base; path = Base.lproj/Main.storyboard; sourceTree = "<group>"; };
		B220EEB226A4A25300971BAC /* pokedex.xcdatamodel */ = {isa = PBXFileReference; lastKnownFileType = wrapper.xcdatamodel; path = pokedex.xcdatamodel; sourceTree = "<group>"; };
		B220EEB426A4A25500971BAC /* Assets.xcassets */ = {isa = PBXFileReference; lastKnownFileType = folder.assetcatalog; path = Assets.xcassets; sourceTree = "<group>"; };
		B220EEB726A4A25500971BAC /* Base */ = {isa = PBXFileReference; lastKnownFileType = file.storyboard; name = Base; path = Base.lproj/LaunchScreen.storyboard; sourceTree = "<group>"; };
		B220EEB926A4A25500971BAC /* Info.plist */ = {isa = PBXFileReference; lastKnownFileType = text.plist.xml; path = Info.plist; sourceTree = "<group>"; };
		B220EEBE26A4A25500971BAC /* pokedexTests.xctest */ = {isa = PBXFileReference; explicitFileType = wrapper.cfbundle; includeInIndex = 0; path = pokedexTests.xctest; sourceTree = BUILT_PRODUCTS_DIR; };
		B220EEC226A4A25500971BAC /* pokedexTests.swift */ = {isa = PBXFileReference; lastKnownFileType = sourcecode.swift; path = pokedexTests.swift; sourceTree = "<group>"; };
		B220EEC426A4A25500971BAC /* Info.plist */ = {isa = PBXFileReference; lastKnownFileType = text.plist.xml; path = Info.plist; sourceTree = "<group>"; };
		B220EEC926A4A25500971BAC /* pokedexUITests.xctest */ = {isa = PBXFileReference; explicitFileType = wrapper.cfbundle; includeInIndex = 0; path = pokedexUITests.xctest; sourceTree = BUILT_PRODUCTS_DIR; };
		B220EECD26A4A25500971BAC /* pokedexUITests.swift */ = {isa = PBXFileReference; lastKnownFileType = sourcecode.swift; path = pokedexUITests.swift; sourceTree = "<group>"; };
		B220EECF26A4A25500971BAC /* Info.plist */ = {isa = PBXFileReference; lastKnownFileType = text.plist.xml; path = Info.plist; sourceTree = "<group>"; };
		B220EEDF26A4C24400971BAC /* PokemonModels.swift */ = {isa = PBXFileReference; lastKnownFileType = sourcecode.swift; path = PokemonModels.swift; sourceTree = "<group>"; };
		B220EEE126A4C46300971BAC /* NetworkEngine.swift */ = {isa = PBXFileReference; lastKnownFileType = sourcecode.swift; path = NetworkEngine.swift; sourceTree = "<group>"; };
		B220EEE426A5DAF300971BAC /* PokemonError.swift */ = {isa = PBXFileReference; lastKnownFileType = sourcecode.swift; path = PokemonError.swift; sourceTree = "<group>"; };
		B2388BE526D523C90098D075 /* SearchResultsViewController.swift */ = {isa = PBXFileReference; lastKnownFileType = sourcecode.swift; name = SearchResultsViewController.swift; path = pokedex/Views/ViewControllers/SearchResultsViewController.swift; sourceTree = SOURCE_ROOT; };
		B2388BE726D55F9D0098D075 /* SearchCategoryCollectionViewCell.swift */ = {isa = PBXFileReference; lastKnownFileType = sourcecode.swift; path = SearchCategoryCollectionViewCell.swift; sourceTree = "<group>"; };
		B253C70B26B71D8F00AE1167 /* PokemonCollectionViewCell.swift */ = {isa = PBXFileReference; lastKnownFileType = sourcecode.swift; path = PokemonCollectionViewCell.swift; sourceTree = "<group>"; };
		B29D71FF26B875EB00469FB6 /* PokemonViewModel.swift */ = {isa = PBXFileReference; lastKnownFileType = sourcecode.swift; path = PokemonViewModel.swift; sourceTree = "<group>"; };
		B29D720126B98BA600469FB6 /* ExtensionHelpers.swift */ = {isa = PBXFileReference; lastKnownFileType = sourcecode.swift; path = ExtensionHelpers.swift; sourceTree = "<group>"; };
		B29D720326BC60CD00469FB6 /* PokemonDetailsViewController.swift */ = {isa = PBXFileReference; lastKnownFileType = sourcecode.swift; path = PokemonDetailsViewController.swift; sourceTree = "<group>"; };
		B29D720526C0559A00469FB6 /* PokemonColors.swift */ = {isa = PBXFileReference; lastKnownFileType = sourcecode.swift; path = PokemonColors.swift; sourceTree = "<group>"; };
		B29D720726C160DD00469FB6 /* PokemonFlavorTextTableViewCell.swift */ = {isa = PBXFileReference; lastKnownFileType = sourcecode.swift; path = PokemonFlavorTextTableViewCell.swift; sourceTree = "<group>"; };
		B29D720926C167FD00469FB6 /* PokemonFlavorTextViewModel.swift */ = {isa = PBXFileReference; lastKnownFileType = sourcecode.swift; path = PokemonFlavorTextViewModel.swift; sourceTree = "<group>"; };
		B2D9072327C29241007F5D61 /* pokeapi.json */ = {isa = PBXFileReference; lastKnownFileType = text.json; path = pokeapi.json; sourceTree = "<group>"; };
/* End PBXFileReference section */

/* Begin PBXFrameworksBuildPhase section */
		B220EEA226A4A25300971BAC /* Frameworks */ = {
			isa = PBXFrameworksBuildPhase;
			buildActionMask = 2147483647;
			files = (
			);
			runOnlyForDeploymentPostprocessing = 0;
		};
		B220EEBB26A4A25500971BAC /* Frameworks */ = {
			isa = PBXFrameworksBuildPhase;
			buildActionMask = 2147483647;
			files = (
			);
			runOnlyForDeploymentPostprocessing = 0;
		};
		B220EEC626A4A25500971BAC /* Frameworks */ = {
			isa = PBXFrameworksBuildPhase;
			buildActionMask = 2147483647;
			files = (
			);
			runOnlyForDeploymentPostprocessing = 0;
		};
/* End PBXFrameworksBuildPhase section */

/* Begin PBXGroup section */
		B220EE9C26A4A25300971BAC = {
			isa = PBXGroup;
			children = (
				B220EEA726A4A25300971BAC /* pokedex */,
				B220EEC126A4A25500971BAC /* pokedexTests */,
				B220EECC26A4A25500971BAC /* pokedexUITests */,
				B220EEA626A4A25300971BAC /* Products */,
			);
			sourceTree = "<group>";
		};
		B220EEA626A4A25300971BAC /* Products */ = {
			isa = PBXGroup;
			children = (
				B220EEA526A4A25300971BAC /* pokedex.app */,
				B220EEBE26A4A25500971BAC /* pokedexTests.xctest */,
				B220EEC926A4A25500971BAC /* pokedexUITests.xctest */,
			);
			name = Products;
			sourceTree = "<group>";
		};
		B220EEA726A4A25300971BAC /* pokedex */ = {
			isa = PBXGroup;
			children = (
				B220EEE326A5BFDA00971BAC /* Utilities */,
				B220EEDE26A4C20E00971BAC /* Network */,
				B220EEDD26A4A30700971BAC /* Views */,
				B220EEDC26A4A2FD00971BAC /* Models */,
				B253C70726B5C84900AE1167 /* ViewModel */,
				B220EEA826A4A25300971BAC /* AppDelegate.swift */,
				B220EEAA26A4A25300971BAC /* SceneDelegate.swift */,
				B220EEAE26A4A25300971BAC /* Main.storyboard */,
				B220EEB426A4A25500971BAC /* Assets.xcassets */,
				B220EEB626A4A25500971BAC /* LaunchScreen.storyboard */,
				B220EEB926A4A25500971BAC /* Info.plist */,
				B220EEB126A4A25300971BAC /* pokedex.xcdatamodeld */,
			);
			path = pokedex;
			sourceTree = "<group>";
		};
		B220EEC126A4A25500971BAC /* pokedexTests */ = {
			isa = PBXGroup;
			children = (
				B2D9072227C291FD007F5D61 /* Fixtures */,
				B220EEC226A4A25500971BAC /* pokedexTests.swift */,
				B220EEC426A4A25500971BAC /* Info.plist */,
			);
			path = pokedexTests;
			sourceTree = "<group>";
		};
		B220EECC26A4A25500971BAC /* pokedexUITests */ = {
			isa = PBXGroup;
			children = (
				B220EECD26A4A25500971BAC /* pokedexUITests.swift */,
				B220EECF26A4A25500971BAC /* Info.plist */,
			);
			path = pokedexUITests;
			sourceTree = "<group>";
		};
		B220EEDB26A4A2E900971BAC /* ViewControllers */ = {
			isa = PBXGroup;
			children = (
				B2388BE526D523C90098D075 /* SearchResultsViewController.swift */,
				B220EEAC26A4A25300971BAC /* ViewController.swift */,
				B29D720326BC60CD00469FB6 /* PokemonDetailsViewController.swift */,
			);
			path = ViewControllers;
			sourceTree = "<group>";
		};
		B220EEDC26A4A2FD00971BAC /* Models */ = {
			isa = PBXGroup;
			children = (
				B220EEDF26A4C24400971BAC /* PokemonModels.swift */,
			);
			path = Models;
			sourceTree = "<group>";
		};
		B220EEDD26A4A30700971BAC /* Views */ = {
			isa = PBXGroup;
			children = (
				B253C70826B5C8BD00AE1167 /* View */,
				B220EEDB26A4A2E900971BAC /* ViewControllers */,
			);
			path = Views;
			sourceTree = "<group>";
		};
		B220EEDE26A4C20E00971BAC /* Network */ = {
			isa = PBXGroup;
			children = (
				B220EEE126A4C46300971BAC /* NetworkEngine.swift */,
			);
			path = Network;
			sourceTree = "<group>";
		};
		B220EEE326A5BFDA00971BAC /* Utilities */ = {
			isa = PBXGroup;
			children = (
				B220EEE426A5DAF300971BAC /* PokemonError.swift */,
				B29D720126B98BA600469FB6 /* ExtensionHelpers.swift */,
				B29D720526C0559A00469FB6 /* PokemonColors.swift */,
			);
			path = Utilities;
			sourceTree = "<group>";
		};
		B253C70726B5C84900AE1167 /* ViewModel */ = {
			isa = PBXGroup;
			children = (
				B29D71FF26B875EB00469FB6 /* PokemonViewModel.swift */,
				B29D720926C167FD00469FB6 /* PokemonFlavorTextViewModel.swift */,
				B210D13B26C2C40B00881CF8 /* PokemonEvolutionsViewModel.swift */,
			);
			path = ViewModel;
			sourceTree = "<group>";
		};
		B253C70826B5C8BD00AE1167 /* View */ = {
			isa = PBXGroup;
			children = (
				B253C70B26B71D8F00AE1167 /* PokemonCollectionViewCell.swift */,
				B29D720726C160DD00469FB6 /* PokemonFlavorTextTableViewCell.swift */,
				B210D13926C2C3A800881CF8 /* PokemonEvolutionsTableViewCell.swift */,
				B2388BE726D55F9D0098D075 /* SearchCategoryCollectionViewCell.swift */,
			);
			path = View;
			sourceTree = "<group>";
		};
		B2D9072227C291FD007F5D61 /* Fixtures */ = {
			isa = PBXGroup;
			children = (
				B2D9072327C29241007F5D61 /* pokeapi.json */,
			);
			path = Fixtures;
			sourceTree = "<group>";
		};
/* End PBXGroup section */

/* Begin PBXNativeTarget section */
		B220EEA426A4A25300971BAC /* pokedex */ = {
			isa = PBXNativeTarget;
			buildConfigurationList = B220EED226A4A25500971BAC /* Build configuration list for PBXNativeTarget "pokedex" */;
			buildPhases = (
				B220EEA126A4A25300971BAC /* Sources */,
				B220EEA226A4A25300971BAC /* Frameworks */,
				B220EEA326A4A25300971BAC /* Resources */,
			);
			buildRules = (
			);
			dependencies = (
			);
			name = pokedex;
			productName = pokedex;
			productReference = B220EEA526A4A25300971BAC /* pokedex.app */;
			productType = "com.apple.product-type.application";
		};
		B220EEBD26A4A25500971BAC /* pokedexTests */ = {
			isa = PBXNativeTarget;
			buildConfigurationList = B220EED526A4A25500971BAC /* Build configuration list for PBXNativeTarget "pokedexTests" */;
			buildPhases = (
				B220EEBA26A4A25500971BAC /* Sources */,
				B220EEBB26A4A25500971BAC /* Frameworks */,
				B220EEBC26A4A25500971BAC /* Resources */,
			);
			buildRules = (
			);
			dependencies = (
				B220EEC026A4A25500971BAC /* PBXTargetDependency */,
			);
			name = pokedexTests;
			productName = pokedexTests;
			productReference = B220EEBE26A4A25500971BAC /* pokedexTests.xctest */;
			productType = "com.apple.product-type.bundle.unit-test";
		};
		B220EEC826A4A25500971BAC /* pokedexUITests */ = {
			isa = PBXNativeTarget;
			buildConfigurationList = B220EED826A4A25500971BAC /* Build configuration list for PBXNativeTarget "pokedexUITests" */;
			buildPhases = (
				B220EEC526A4A25500971BAC /* Sources */,
				B220EEC626A4A25500971BAC /* Frameworks */,
				B220EEC726A4A25500971BAC /* Resources */,
			);
			buildRules = (
			);
			dependencies = (
				B220EECB26A4A25500971BAC /* PBXTargetDependency */,
			);
			name = pokedexUITests;
			productName = pokedexUITests;
			productReference = B220EEC926A4A25500971BAC /* pokedexUITests.xctest */;
			productType = "com.apple.product-type.bundle.ui-testing";
		};
/* End PBXNativeTarget section */

/* Begin PBXProject section */
		B220EE9D26A4A25300971BAC /* Project object */ = {
			isa = PBXProject;
			attributes = {
				LastSwiftUpdateCheck = 1250;
				LastUpgradeCheck = 1250;
				TargetAttributes = {
					B220EEA426A4A25300971BAC = {
						CreatedOnToolsVersion = 12.5.1;
					};
					B220EEBD26A4A25500971BAC = {
						CreatedOnToolsVersion = 12.5.1;
						TestTargetID = B220EEA426A4A25300971BAC;
					};
					B220EEC826A4A25500971BAC = {
						CreatedOnToolsVersion = 12.5.1;
						TestTargetID = B220EEA426A4A25300971BAC;
					};
				};
			};
			buildConfigurationList = B220EEA026A4A25300971BAC /* Build configuration list for PBXProject "pokedex" */;
			compatibilityVersion = "Xcode 9.3";
			developmentRegion = en;
			hasScannedForEncodings = 0;
			knownRegions = (
				en,
				Base,
			);
			mainGroup = B220EE9C26A4A25300971BAC;
			productRefGroup = B220EEA626A4A25300971BAC /* Products */;
			projectDirPath = "";
			projectRoot = "";
			targets = (
				B220EEA426A4A25300971BAC /* pokedex */,
				B220EEBD26A4A25500971BAC /* pokedexTests */,
				B220EEC826A4A25500971BAC /* pokedexUITests */,
			);
		};
/* End PBXProject section */

/* Begin PBXResourcesBuildPhase section */
		B220EEA326A4A25300971BAC /* Resources */ = {
			isa = PBXResourcesBuildPhase;
			buildActionMask = 2147483647;
			files = (
				B220EEB826A4A25500971BAC /* LaunchScreen.storyboard in Resources */,
				B220EEB526A4A25500971BAC /* Assets.xcassets in Resources */,
				B220EEB026A4A25300971BAC /* Main.storyboard in Resources */,
			);
			runOnlyForDeploymentPostprocessing = 0;
		};
		B220EEBC26A4A25500971BAC /* Resources */ = {
			isa = PBXResourcesBuildPhase;
			buildActionMask = 2147483647;
			files = (
				B2D9072427C29241007F5D61 /* pokeapi.json in Resources */,
			);
			runOnlyForDeploymentPostprocessing = 0;
		};
		B220EEC726A4A25500971BAC /* Resources */ = {
			isa = PBXResourcesBuildPhase;
			buildActionMask = 2147483647;
			files = (
			);
			runOnlyForDeploymentPostprocessing = 0;
		};
/* End PBXResourcesBuildPhase section */

/* Begin PBXSourcesBuildPhase section */
		B220EEA126A4A25300971BAC /* Sources */ = {
			isa = PBXSourcesBuildPhase;
			buildActionMask = 2147483647;
			files = (
				B210D13C26C2C40B00881CF8 /* PokemonEvolutionsViewModel.swift in Sources */,
				B2388BE626D523C90098D075 /* SearchResultsViewController.swift in Sources */,
				B220EEE526A5DAF300971BAC /* PokemonError.swift in Sources */,
				B220EEE026A4C24400971BAC /* PokemonModels.swift in Sources */,
				B29D720426BC60CD00469FB6 /* PokemonDetailsViewController.swift in Sources */,
				B253C70C26B71D8F00AE1167 /* PokemonCollectionViewCell.swift in Sources */,
				B29D720A26C167FD00469FB6 /* PokemonFlavorTextViewModel.swift in Sources */,
				B29D720226B98BA600469FB6 /* ExtensionHelpers.swift in Sources */,
				B210D13A26C2C3A800881CF8 /* PokemonEvolutionsTableViewCell.swift in Sources */,
				B29D720626C0559A00469FB6 /* PokemonColors.swift in Sources */,
				B220EEB326A4A25300971BAC /* pokedex.xcdatamodeld in Sources */,
				B220EEE226A4C46300971BAC /* NetworkEngine.swift in Sources */,
				B29D720026B875EB00469FB6 /* PokemonViewModel.swift in Sources */,
				B29D720826C160DD00469FB6 /* PokemonFlavorTextTableViewCell.swift in Sources */,
				B220EEAD26A4A25300971BAC /* ViewController.swift in Sources */,
				B220EEA926A4A25300971BAC /* AppDelegate.swift in Sources */,
				B2388BE826D55F9D0098D075 /* SearchCategoryCollectionViewCell.swift in Sources */,
				B220EEAB26A4A25300971BAC /* SceneDelegate.swift in Sources */,
			);
			runOnlyForDeploymentPostprocessing = 0;
		};
		B220EEBA26A4A25500971BAC /* Sources */ = {
			isa = PBXSourcesBuildPhase;
			buildActionMask = 2147483647;
			files = (
				B220EEC326A4A25500971BAC /* pokedexTests.swift in Sources */,
			);
			runOnlyForDeploymentPostprocessing = 0;
		};
		B220EEC526A4A25500971BAC /* Sources */ = {
			isa = PBXSourcesBuildPhase;
			buildActionMask = 2147483647;
			files = (
				B220EECE26A4A25500971BAC /* pokedexUITests.swift in Sources */,
			);
			runOnlyForDeploymentPostprocessing = 0;
		};
/* End PBXSourcesBuildPhase section */

/* Begin PBXTargetDependency section */
		B220EEC026A4A25500971BAC /* PBXTargetDependency */ = {
			isa = PBXTargetDependency;
			target = B220EEA426A4A25300971BAC /* pokedex */;
			targetProxy = B220EEBF26A4A25500971BAC /* PBXContainerItemProxy */;
		};
		B220EECB26A4A25500971BAC /* PBXTargetDependency */ = {
			isa = PBXTargetDependency;
			target = B220EEA426A4A25300971BAC /* pokedex */;
			targetProxy = B220EECA26A4A25500971BAC /* PBXContainerItemProxy */;
		};
/* End PBXTargetDependency section */

/* Begin PBXVariantGroup section */
		B220EEAE26A4A25300971BAC /* Main.storyboard */ = {
			isa = PBXVariantGroup;
			children = (
				B220EEAF26A4A25300971BAC /* Base */,
			);
			name = Main.storyboard;
			sourceTree = "<group>";
		};
		B220EEB626A4A25500971BAC /* LaunchScreen.storyboard */ = {
			isa = PBXVariantGroup;
			children = (
				B220EEB726A4A25500971BAC /* Base */,
			);
			name = LaunchScreen.storyboard;
			sourceTree = "<group>";
		};
/* End PBXVariantGroup section */

/* Begin XCBuildConfiguration section */
		B220EED026A4A25500971BAC /* Debug */ = {
			isa = XCBuildConfiguration;
			buildSettings = {
				ALWAYS_SEARCH_USER_PATHS = NO;
				CLANG_ANALYZER_NONNULL = YES;
				CLANG_ANALYZER_NUMBER_OBJECT_CONVERSION = YES_AGGRESSIVE;
				CLANG_CXX_LANGUAGE_STANDARD = "gnu++14";
				CLANG_CXX_LIBRARY = "libc++";
				CLANG_ENABLE_MODULES = YES;
				CLANG_ENABLE_OBJC_ARC = YES;
				CLANG_ENABLE_OBJC_WEAK = YES;
				CLANG_WARN_BLOCK_CAPTURE_AUTORELEASING = YES;
				CLANG_WARN_BOOL_CONVERSION = YES;
				CLANG_WARN_COMMA = YES;
				CLANG_WARN_CONSTANT_CONVERSION = YES;
				CLANG_WARN_DEPRECATED_OBJC_IMPLEMENTATIONS = YES;
				CLANG_WARN_DIRECT_OBJC_ISA_USAGE = YES_ERROR;
				CLANG_WARN_DOCUMENTATION_COMMENTS = YES;
				CLANG_WARN_EMPTY_BODY = YES;
				CLANG_WARN_ENUM_CONVERSION = YES;
				CLANG_WARN_INFINITE_RECURSION = YES;
				CLANG_WARN_INT_CONVERSION = YES;
				CLANG_WARN_NON_LITERAL_NULL_CONVERSION = YES;
				CLANG_WARN_OBJC_IMPLICIT_RETAIN_SELF = YES;
				CLANG_WARN_OBJC_LITERAL_CONVERSION = YES;
				CLANG_WARN_OBJC_ROOT_CLASS = YES_ERROR;
				CLANG_WARN_QUOTED_INCLUDE_IN_FRAMEWORK_HEADER = YES;
				CLANG_WARN_RANGE_LOOP_ANALYSIS = YES;
				CLANG_WARN_STRICT_PROTOTYPES = YES;
				CLANG_WARN_SUSPICIOUS_MOVE = YES;
				CLANG_WARN_UNGUARDED_AVAILABILITY = YES_AGGRESSIVE;
				CLANG_WARN_UNREACHABLE_CODE = YES;
				CLANG_WARN__DUPLICATE_METHOD_MATCH = YES;
				COPY_PHASE_STRIP = NO;
				DEBUG_INFORMATION_FORMAT = dwarf;
				ENABLE_STRICT_OBJC_MSGSEND = YES;
				ENABLE_TESTABILITY = YES;
				GCC_C_LANGUAGE_STANDARD = gnu11;
				GCC_DYNAMIC_NO_PIC = NO;
				GCC_NO_COMMON_BLOCKS = YES;
				GCC_OPTIMIZATION_LEVEL = 0;
				GCC_PREPROCESSOR_DEFINITIONS = (
					"DEBUG=1",
					"$(inherited)",
				);
				GCC_WARN_64_TO_32_BIT_CONVERSION = YES;
				GCC_WARN_ABOUT_RETURN_TYPE = YES_ERROR;
				GCC_WARN_UNDECLARED_SELECTOR = YES;
				GCC_WARN_UNINITIALIZED_AUTOS = YES_AGGRESSIVE;
				GCC_WARN_UNUSED_FUNCTION = YES;
				GCC_WARN_UNUSED_VARIABLE = YES;
				IPHONEOS_DEPLOYMENT_TARGET = 14.5;
				MTL_ENABLE_DEBUG_INFO = INCLUDE_SOURCE;
				MTL_FAST_MATH = YES;
				ONLY_ACTIVE_ARCH = YES;
				SDKROOT = iphoneos;
				SWIFT_ACTIVE_COMPILATION_CONDITIONS = DEBUG;
				SWIFT_OPTIMIZATION_LEVEL = "-Onone";
			};
			name = Debug;
		};
		B220EED126A4A25500971BAC /* Release */ = {
			isa = XCBuildConfiguration;
			buildSettings = {
				ALWAYS_SEARCH_USER_PATHS = NO;
				CLANG_ANALYZER_NONNULL = YES;
				CLANG_ANALYZER_NUMBER_OBJECT_CONVERSION = YES_AGGRESSIVE;
				CLANG_CXX_LANGUAGE_STANDARD = "gnu++14";
				CLANG_CXX_LIBRARY = "libc++";
				CLANG_ENABLE_MODULES = YES;
				CLANG_ENABLE_OBJC_ARC = YES;
				CLANG_ENABLE_OBJC_WEAK = YES;
				CLANG_WARN_BLOCK_CAPTURE_AUTORELEASING = YES;
				CLANG_WARN_BOOL_CONVERSION = YES;
				CLANG_WARN_COMMA = YES;
				CLANG_WARN_CONSTANT_CONVERSION = YES;
				CLANG_WARN_DEPRECATED_OBJC_IMPLEMENTATIONS = YES;
				CLANG_WARN_DIRECT_OBJC_ISA_USAGE = YES_ERROR;
				CLANG_WARN_DOCUMENTATION_COMMENTS = YES;
				CLANG_WARN_EMPTY_BODY = YES;
				CLANG_WARN_ENUM_CONVERSION = YES;
				CLANG_WARN_INFINITE_RECURSION = YES;
				CLANG_WARN_INT_CONVERSION = YES;
				CLANG_WARN_NON_LITERAL_NULL_CONVERSION = YES;
				CLANG_WARN_OBJC_IMPLICIT_RETAIN_SELF = YES;
				CLANG_WARN_OBJC_LITERAL_CONVERSION = YES;
				CLANG_WARN_OBJC_ROOT_CLASS = YES_ERROR;
				CLANG_WARN_QUOTED_INCLUDE_IN_FRAMEWORK_HEADER = YES;
				CLANG_WARN_RANGE_LOOP_ANALYSIS = YES;
				CLANG_WARN_STRICT_PROTOTYPES = YES;
				CLANG_WARN_SUSPICIOUS_MOVE = YES;
				CLANG_WARN_UNGUARDED_AVAILABILITY = YES_AGGRESSIVE;
				CLANG_WARN_UNREACHABLE_CODE = YES;
				CLANG_WARN__DUPLICATE_METHOD_MATCH = YES;
				COPY_PHASE_STRIP = NO;
				DEBUG_INFORMATION_FORMAT = "dwarf-with-dsym";
				ENABLE_NS_ASSERTIONS = NO;
				ENABLE_STRICT_OBJC_MSGSEND = YES;
				GCC_C_LANGUAGE_STANDARD = gnu11;
				GCC_NO_COMMON_BLOCKS = YES;
				GCC_WARN_64_TO_32_BIT_CONVERSION = YES;
				GCC_WARN_ABOUT_RETURN_TYPE = YES_ERROR;
				GCC_WARN_UNDECLARED_SELECTOR = YES;
				GCC_WARN_UNINITIALIZED_AUTOS = YES_AGGRESSIVE;
				GCC_WARN_UNUSED_FUNCTION = YES;
				GCC_WARN_UNUSED_VARIABLE = YES;
				IPHONEOS_DEPLOYMENT_TARGET = 14.5;
				MTL_ENABLE_DEBUG_INFO = NO;
				MTL_FAST_MATH = YES;
				SDKROOT = iphoneos;
				SWIFT_COMPILATION_MODE = wholemodule;
				SWIFT_OPTIMIZATION_LEVEL = "-O";
				VALIDATE_PRODUCT = YES;
			};
			name = Release;
		};
		B220EED326A4A25500971BAC /* Debug */ = {
			isa = XCBuildConfiguration;
			buildSettings = {
				ASSETCATALOG_COMPILER_APPICON_NAME = AppIcon;
				ASSETCATALOG_COMPILER_GLOBAL_ACCENT_COLOR_NAME = AccentColor;
				CODE_SIGN_STYLE = Automatic;
				DEVELOPMENT_TEAM = LVUJURGN29;
				INFOPLIST_FILE = pokedex/Info.plist;
				LD_RUNPATH_SEARCH_PATHS = (
					"$(inherited)",
					"@executable_path/Frameworks",
				);
				PRODUCT_BUNDLE_IDENTIFIER = com.elliottkung.sample.pokedex;
				PRODUCT_NAME = "$(TARGET_NAME)";
				SWIFT_VERSION = 5.0;
				TARGETED_DEVICE_FAMILY = "1,2";
			};
			name = Debug;
		};
		B220EED426A4A25500971BAC /* Release */ = {
			isa = XCBuildConfiguration;
			buildSettings = {
				ASSETCATALOG_COMPILER_APPICON_NAME = AppIcon;
				ASSETCATALOG_COMPILER_GLOBAL_ACCENT_COLOR_NAME = AccentColor;
				CODE_SIGN_STYLE = Automatic;
				DEVELOPMENT_TEAM = LVUJURGN29;
				INFOPLIST_FILE = pokedex/Info.plist;
				LD_RUNPATH_SEARCH_PATHS = (
					"$(inherited)",
					"@executable_path/Frameworks",
				);
				PRODUCT_BUNDLE_IDENTIFIER = com.elliottkung.sample.pokedex;
				PRODUCT_NAME = "$(TARGET_NAME)";
				SWIFT_VERSION = 5.0;
				TARGETED_DEVICE_FAMILY = "1,2";
			};
			name = Release;
		};
		B220EED626A4A25500971BAC /* Debug */ = {
			isa = XCBuildConfiguration;
			buildSettings = {
				ALWAYS_EMBED_SWIFT_STANDARD_LIBRARIES = YES;
				BUNDLE_LOADER = "$(TEST_HOST)";
				CODE_SIGN_STYLE = Automatic;
				DEVELOPMENT_TEAM = LVUJURGN29;
				INFOPLIST_FILE = pokedexTests/Info.plist;
				IPHONEOS_DEPLOYMENT_TARGET = 14.5;
				LD_RUNPATH_SEARCH_PATHS = (
					"$(inherited)",
					"@executable_path/Frameworks",
					"@loader_path/Frameworks",
				);
				PRODUCT_BUNDLE_IDENTIFIER = com.elliottkung.sample.pokedexTests;
				PRODUCT_NAME = "$(TARGET_NAME)";
				SWIFT_VERSION = 5.0;
				TARGETED_DEVICE_FAMILY = "1,2";
				TEST_HOST = "$(BUILT_PRODUCTS_DIR)/pokedex.app/pokedex";
			};
			name = Debug;
		};
		B220EED726A4A25500971BAC /* Release */ = {
			isa = XCBuildConfiguration;
			buildSettings = {
				ALWAYS_EMBED_SWIFT_STANDARD_LIBRARIES = YES;
				BUNDLE_LOADER = "$(TEST_HOST)";
				CODE_SIGN_STYLE = Automatic;
				DEVELOPMENT_TEAM = LVUJURGN29;
				INFOPLIST_FILE = pokedexTests/Info.plist;
				IPHONEOS_DEPLOYMENT_TARGET = 14.5;
				LD_RUNPATH_SEARCH_PATHS = (
					"$(inherited)",
					"@executable_path/Frameworks",
					"@loader_path/Frameworks",
				);
				PRODUCT_BUNDLE_IDENTIFIER = com.elliottkung.sample.pokedexTests;
				PRODUCT_NAME = "$(TARGET_NAME)";
				SWIFT_VERSION = 5.0;
				TARGETED_DEVICE_FAMILY = "1,2";
				TEST_HOST = "$(BUILT_PRODUCTS_DIR)/pokedex.app/pokedex";
			};
			name = Release;
		};
		B220EED926A4A25500971BAC /* Debug */ = {
			isa = XCBuildConfiguration;
			buildSettings = {
				ALWAYS_EMBED_SWIFT_STANDARD_LIBRARIES = YES;
				CODE_SIGN_STYLE = Automatic;
				DEVELOPMENT_TEAM = LVUJURGN29;
				INFOPLIST_FILE = pokedexUITests/Info.plist;
				LD_RUNPATH_SEARCH_PATHS = (
					"$(inherited)",
					"@executable_path/Frameworks",
					"@loader_path/Frameworks",
				);
				PRODUCT_BUNDLE_IDENTIFIER = com.elliottkung.sample.pokedexUITests;
				PRODUCT_NAME = "$(TARGET_NAME)";
				SWIFT_VERSION = 5.0;
				TARGETED_DEVICE_FAMILY = "1,2";
				TEST_TARGET_NAME = pokedex;
			};
			name = Debug;
		};
		B220EEDA26A4A25500971BAC /* Release */ = {
			isa = XCBuildConfiguration;
			buildSettings = {
				ALWAYS_EMBED_SWIFT_STANDARD_LIBRARIES = YES;
				CODE_SIGN_STYLE = Automatic;
				DEVELOPMENT_TEAM = LVUJURGN29;
				INFOPLIST_FILE = pokedexUITests/Info.plist;
				LD_RUNPATH_SEARCH_PATHS = (
					"$(inherited)",
					"@executable_path/Frameworks",
					"@loader_path/Frameworks",
				);
				PRODUCT_BUNDLE_IDENTIFIER = com.elliottkung.sample.pokedexUITests;
				PRODUCT_NAME = "$(TARGET_NAME)";
				SWIFT_VERSION = 5.0;
				TARGETED_DEVICE_FAMILY = "1,2";
				TEST_TARGET_NAME = pokedex;
			};
			name = Release;
		};
/* End XCBuildConfiguration section */

/* Begin XCConfigurationList section */
		B220EEA026A4A25300971BAC /* Build configuration list for PBXProject "pokedex" */ = {
			isa = XCConfigurationList;
			buildConfigurations = (
				B220EED026A4A25500971BAC /* Debug */,
				B220EED126A4A25500971BAC /* Release */,
			);
			defaultConfigurationIsVisible = 0;
			defaultConfigurationName = Release;
		};
		B220EED226A4A25500971BAC /* Build configuration list for PBXNativeTarget "pokedex" */ = {
			isa = XCConfigurationList;
			buildConfigurations = (
				B220EED326A4A25500971BAC /* Debug */,
				B220EED426A4A25500971BAC /* Release */,
			);
			defaultConfigurationIsVisible = 0;
			defaultConfigurationName = Release;
		};
		B220EED526A4A25500971BAC /* Build configuration list for PBXNativeTarget "pokedexTests" */ = {
			isa = XCConfigurationList;
			buildConfigurations = (
				B220EED626A4A25500971BAC /* Debug */,
				B220EED726A4A25500971BAC /* Release */,
			);
			defaultConfigurationIsVisible = 0;
			defaultConfigurationName = Release;
		};
		B220EED826A4A25500971BAC /* Build configuration list for PBXNativeTarget "pokedexUITests" */ = {
			isa = XCConfigurationList;
			buildConfigurations = (
				B220EED926A4A25500971BAC /* Debug */,
				B220EEDA26A4A25500971BAC /* Release */,
			);
			defaultConfigurationIsVisible = 0;
			defaultConfigurationName = Release;
		};
/* End XCConfigurationList section */

/* Begin XCVersionGroup section */
		B220EEB126A4A25300971BAC /* pokedex.xcdatamodeld */ = {
			isa = XCVersionGroup;
			children = (
				B220EEB226A4A25300971BAC /* pokedex.xcdatamodel */,
			);
			currentVersion = B220EEB226A4A25300971BAC /* pokedex.xcdatamodel */;
			path = pokedex.xcdatamodeld;
			sourceTree = "<group>";
			versionGroupType = wrapper.xcdatamodel;
		};
/* End XCVersionGroup section */
	};
	rootObject = B220EE9D26A4A25300971BAC /* Project object */;
}
